
Microsoft Visual Studio Solution File, Format Version 12.00
# Visual Studio Version 17
VisualStudioVersion = 17.0.31912.275
MinimumVisualStudioVersion = 10.0.40219.1
Project("{FAE04EC0-301F-11D3-BF4B-00C04F79EFBC}") = "Calculator by Hale", "Calculator by Hale.csproj", "{9DCBB0BC-A4E5-456E-9D30-43E93E0CF8EB}"
EndProject
Global
	GlobalSection(SolutionConfigurationPlatforms) = preSolution
		Debug|Any CPU = Debug|Any CPU
		Release|Any CPU = Release|Any CPU
	EndGlobalSection
	GlobalSection(ProjectConfigurationPlatforms) = postSolution
		{9DCBB0BC-A4E5-456E-9D30-43E93E0CF8EB}.Debug|Any CPU.ActiveCfg = Debug|Any CPU
		{9DCBB0BC-A4E5-456E-9D30-43E93E0CF8EB}.Debug|Any CPU.Build.0 = Debug|Any CPU
		{9DCBB0BC-A4E5-456E-9D30-43E93E0CF8EB}.Release|Any CPU.ActiveCfg = Release|Any CPU
		{9DCBB0BC-A4E5-456E-9D30-43E93E0CF8EB}.Release|Any CPU.Build.0 = Release|Any CPU
	EndGlobalSection
	GlobalSection(SolutionProperties) = preSolution
		HideSolutionNode = FALSE
	EndGlobalSection
	GlobalSection(ExtensibilityGlobals) = postSolution
		SolutionGuid = {4620FAFC-57A1-4146-A8A0-D17F7B21EAC5}
	EndGlobalSection
EndGlobal
